
Microsoft Visual Studio Solution File, Format Version 12.00
# Visual Studio Version 16
VisualStudioVersion = 16.0.31129.286
MinimumVisualStudioVersion = 10.0.40219.1
Project("{FAE04EC0-301F-11D3-BF4B-00C04F79EFBC}") = "Calc", "Calc\Calc.csproj", "{14D972EA-1D4E-4F3B-96FF-03F754C12728}"
EndProject
Global
	GlobalSection(SolutionConfigurationPlatforms) = preSolution
		Debug|Any CPU = Debug|Any CPU
		Release|Any CPU = Release|Any CPU
	EndGlobalSection
	GlobalSection(ProjectConfigurationPlatforms) = postSolution
		{14D972EA-1D4E-4F3B-96FF-03F754C12728}.Debug|Any CPU.ActiveCfg = Debug|Any CPU
		{14D972EA-1D4E-4F3B-96FF-03F754C12728}.Debug|Any CPU.Build.0 = Debug|Any CPU
		{14D972EA-1D4E-4F3B-96FF-03F754C12728}.Release|Any CPU.ActiveCfg = Release|Any CPU
		{14D972EA-1D4E-4F3B-96FF-03F754C12728}.Release|Any CPU.Build.0 = Release|Any CPU
	EndGlobalSection
	GlobalSection(SolutionProperties) = preSolution
		HideSolutionNode = FALSE
	EndGlobalSection
	GlobalSection(ExtensibilityGlobals) = postSolution
		SolutionGuid = {B551456B-7DB7-434A-974A-DCEFA929E7EF}
	EndGlobalSection
EndGlobal
